PODS:
  - WolfFoundation (2.0.0):
    - WolfNumerics
    - WolfPipe
  - WolfNumerics (3.0.0)
  - WolfPipe (1.1.0)

DEPENDENCIES:
  - WolfFoundation (from `../`)

SPEC REPOS:
  https://github.com/cocoapods/specs.git:
    - WolfNumerics
    - WolfPipe

EXTERNAL SOURCES:
  WolfFoundation:
    :path: "../"

SPEC CHECKSUMS:
  WolfFoundation: 667429024146bfa45f76899aea3eea1398ff9581
  WolfNumerics: 073642f01957a5602df21531e8b2fd31e8b92042
  WolfPipe: 5d5633fb37d8a524e326ad9cf24420f0971c8235

PODFILE CHECKSUM: c110c277a2eb7f60d0054d9bfc752d51fd58bbf4

COCOAPODS: 1.6.0.beta.2
