PODS:
  - WolfFoundation (1.0.5):
    - WolfNumerics
    - WolfPipe
  - WolfNumerics (2.0.2)
  - WolfPipe (1.0.7)

DEPENDENCIES:
  - WolfFoundation (from `../`)

SPEC REPOS:
  https://github.com/cocoapods/specs.git:
    - WolfNumerics
    - WolfPipe

EXTERNAL SOURCES:
  WolfFoundation:
    :path: "../"

SPEC CHECKSUMS:
  WolfFoundation: c2c5deba2563175fc440a5c16724fb80ae493ab8
  WolfNumerics: a63222a42b4c3835e1a1cb489a71abb890f0d910
  WolfPipe: 1a2cbb23efb14833647a2adcc034468bf82a289e

PODFILE CHECKSUM: c110c277a2eb7f60d0054d9bfc752d51fd58bbf4

COCOAPODS: 1.6.0.beta.2
