{
  "object": {
    "pins": [
      {
        "package": "WolfNumerics",
        "repositoryURL": "https://github.com/wolfmcnally/WolfNumerics",
        "state": {
          "branch": null,
          "revision": "fe64757d75bf2a286444e1fc2c7bf297a7a1e3d6",
          "version": "4.0.0"
        }
      },
      {
        "package": "WolfPipe",
        "repositoryURL": "https://github.com/wolfmcnally/WolfPipe",
        "state": {
          "branch": null,
          "revision": "a7dc75088089fdb6115ab275738a37d8d79a831e",
          "version": "2.0.0"
        }
      }
    ]
  },
  "version": 1
}
